{
  "name": "mod",
  "lockfileVersion": 3,
  "requires": true,
  "packages": {
    "": {
      "dependencies": {
        "factoriomod-debug": "^2.0.10"
      }
    },
    "node_modules/factoriomod-debug": {
      "version": "2.0.10",
      "resolved": "https://registry.npmjs.org/factoriomod-debug/-/factoriomod-debug-2.0.10.tgz",
      "integrity": "sha512-UMuf8IIs2YM3vvQim7Kd+A7MuW3b7kTb75tvDCTrRUtU4kWXdtXfPsLN64GE9tKznFE9FOUhCZWeeIEnavpvWQ==",
      "license": "MIT",
      "bin": {
        "factoriomod-debug": "dist/fmtk-cli.js",
        "fmtk": "dist/fmtk-cli.js"
      },
      "engines": {
        "node": ">=22.7.0",
        "vscode": "^1.107.0"
      }
    }
  }
}
